
Microsoft Visual Studio Solution File, Format Version 11.00
# Visual Studio 2010
Project("{FAE04EC0-301F-11D3-BF4B-00C04F79EFBC}") = "GSync", "GSync\GSync.csproj", "{AEC8EF63-9767-4277-B916-BE378A44A171}"
EndProject
Global
	GlobalSection(SolutionConfigurationPlatforms) = preSolution
		Debug|x86 = Debug|x86
		Release|x86 = Release|x86
	EndGlobalSection
	GlobalSection(ProjectConfigurationPlatforms) = postSolution
		{AEC8EF63-9767-4277-B916-BE378A44A171}.Debug|x86.ActiveCfg = Debug|x86
		{AEC8EF63-9767-4277-B916-BE378A44A171}.Debug|x86.Build.0 = Debug|x86
		{AEC8EF63-9767-4277-B916-BE378A44A171}.Release|x86.ActiveCfg = Release|x86
		{AEC8EF63-9767-4277-B916-BE378A44A171}.Release|x86.Build.0 = Release|x86
	EndGlobalSection
	GlobalSection(SolutionProperties) = preSolution
		HideSolutionNode = FALSE
	EndGlobalSection
EndGlobal
